
Microsoft Visual Studio Solution File, Format Version 12.00
# Visual Studio Version 17
VisualStudioVersion = 17.7.34009.444
MinimumVisualStudioVersion = 10.0.40219.1
Project("{FAE04EC0-301F-11D3-BF4B-00C04F79EFBC}") = "APIAnimeApp", "APIAnimeApp.csproj", "{C9CACD56-3332-4B33-B731-402DD1ED68A8}"
EndProject
Global
	GlobalSection(SolutionConfigurationPlatforms) = preSolution
		Debug|Any CPU = Debug|Any CPU
		Release|Any CPU = Release|Any CPU
	EndGlobalSection
	GlobalSection(ProjectConfigurationPlatforms) = postSolution
		{C9CACD56-3332-4B33-B731-402DD1ED68A8}.Debug|Any CPU.ActiveCfg = Debug|Any CPU
		{C9CACD56-3332-4B33-B731-402DD1ED68A8}.Debug|Any CPU.Build.0 = Debug|Any CPU
		{C9CACD56-3332-4B33-B731-402DD1ED68A8}.Release|Any CPU.ActiveCfg = Release|Any CPU
		{C9CACD56-3332-4B33-B731-402DD1ED68A8}.Release|Any CPU.Build.0 = Release|Any CPU
	EndGlobalSection
	GlobalSection(SolutionProperties) = preSolution
		HideSolutionNode = FALSE
	EndGlobalSection
	GlobalSection(ExtensibilityGlobals) = postSolution
		SolutionGuid = {C73033C6-964B-46E4-9248-9CDA467BE732}
	EndGlobalSection
EndGlobal
